
Microsoft Visual Studio Solution File, Format Version 12.00
# Visual Studio 15
VisualStudioVersion = 15.0.28307.1082
MinimumVisualStudioVersion = 10.0.40219.1
Project("{8BC9CEB8-8B4A-11D0-8D11-00A0C91BC942}") = "jsonTest", "jsonTest\jsonTest.vcxproj", "{7ABFF841-5FA9-460F-BCE4-4C16F2D40F83}"
EndProject
Global
	GlobalSection(SolutionConfigurationPlatforms) = preSolution
		Debug|x64 = Debug|x64
		Debug|x86 = Debug|x86
		Release|x64 = Release|x64
		Release|x86 = Release|x86
	EndGlobalSection
	GlobalSection(ProjectConfigurationPlatforms) = postSolution
		{7ABFF841-5FA9-460F-BCE4-4C16F2D40F83}.Debug|x64.ActiveCfg = Debug|x64
		{7ABFF841-5FA9-460F-BCE4-4C16F2D40F83}.Debug|x64.Build.0 = Debug|x64
		{7ABFF841-5FA9-460F-BCE4-4C16F2D40F83}.Debug|x86.ActiveCfg = Debug|Win32
		{7ABFF841-5FA9-460F-BCE4-4C16F2D40F83}.Debug|x86.Build.0 = Debug|Win32
		{7ABFF841-5FA9-460F-BCE4-4C16F2D40F83}.Release|x64.ActiveCfg = Release|x64
		{7ABFF841-5FA9-460F-BCE4-4C16F2D40F83}.Release|x64.Build.0 = Release|x64
		{7ABFF841-5FA9-460F-BCE4-4C16F2D40F83}.Release|x86.ActiveCfg = Release|Win32
		{7ABFF841-5FA9-460F-BCE4-4C16F2D40F83}.Release|x86.Build.0 = Release|Win32
	EndGlobalSection
	GlobalSection(SolutionProperties) = preSolution
		HideSolutionNode = FALSE
	EndGlobalSection
	GlobalSection(ExtensibilityGlobals) = postSolution
		SolutionGuid = {63F705D3-ADDE-4890-B249-5A3B6C1FEC71}
	EndGlobalSection
EndGlobal
